
Microsoft Visual Studio Solution File, Format Version 12.00
# Visual Studio Version 16
VisualStudioVersion = 16.0.30517.126
MinimumVisualStudioVersion = 10.0.40219.1
Project("{9A19103F-16F7-4668-BE54-9A1E7A4F7556}") = "SubjectOrderDetails", "SubjectOrderDetails\SubjectOrderDetails.csproj", "{608A4ACC-1CC2-4C1D-A106-D19A6554C1AE}"
EndProject
Project("{9A19103F-16F7-4668-BE54-9A1E7A4F7556}") = "SubjectOrderDetailsTests", "SubjectOrderDetailsTests\SubjectOrderDetailsTests.csproj", "{EF23BDE6-2B16-4B05-A4F4-8751E116B6BB}"
EndProject
Global
	GlobalSection(SolutionConfigurationPlatforms) = preSolution
		Debug|Any CPU = Debug|Any CPU
		Release|Any CPU = Release|Any CPU
	EndGlobalSection
	GlobalSection(ProjectConfigurationPlatforms) = postSolution
		{608A4ACC-1CC2-4C1D-A106-D19A6554C1AE}.Debug|Any CPU.ActiveCfg = Debug|Any CPU
		{608A4ACC-1CC2-4C1D-A106-D19A6554C1AE}.Debug|Any CPU.Build.0 = Debug|Any CPU
		{608A4ACC-1CC2-4C1D-A106-D19A6554C1AE}.Release|Any CPU.ActiveCfg = Release|Any CPU
		{608A4ACC-1CC2-4C1D-A106-D19A6554C1AE}.Release|Any CPU.Build.0 = Release|Any CPU
		{EF23BDE6-2B16-4B05-A4F4-8751E116B6BB}.Debug|Any CPU.ActiveCfg = Debug|Any CPU
		{EF23BDE6-2B16-4B05-A4F4-8751E116B6BB}.Debug|Any CPU.Build.0 = Debug|Any CPU
		{EF23BDE6-2B16-4B05-A4F4-8751E116B6BB}.Release|Any CPU.ActiveCfg = Release|Any CPU
		{EF23BDE6-2B16-4B05-A4F4-8751E116B6BB}.Release|Any CPU.Build.0 = Release|Any CPU
	EndGlobalSection
	GlobalSection(SolutionProperties) = preSolution
		HideSolutionNode = FALSE
	EndGlobalSection
	GlobalSection(ExtensibilityGlobals) = postSolution
		SolutionGuid = {28309107-5440-4077-A92F-54F1ADBD68AA}
	EndGlobalSection
EndGlobal
